{
  "version": 4,
  "terraform_version": "0.13.4",
  "serial": 9,
  "lineage": "86d5f37f-107f-3468-3d61-2d61ea17a646",
  "outputs": {
    "os_sku": {
      "value": "18.04-LTS",
      "type": "string"
    }
  },
  "resources": [
    {
      "mode": "data",
      "type": "azurerm_public_ip",
      "name": "ip",
      "provider": "provider[\"registry.terraform.io/hashicorp/azurerm\"]",
      "instances": [
        {
          "schema_version": 0,
          "attributes": {
            "allocation_method": "Dynamic",
            "domain_name_label": "",
            "fqdn": "",
            "id": "/subscriptions/6ac02562-9f5e-4022-8062-22570610e30e/resourceGroups/tfTFRG/providers/Microsoft.Network/publicIPAddresses/tfTFPublicIP",
            "idle_timeout_in_minutes": 4,
            "ip_address": "52.188.150.191",
            "ip_version": "IPv4",
            "location": "eastus",
            "name": "tfTFPublicIP",
            "resource_group_name": "tfTFRG",
            "reverse_fqdn": "",
            "sku": "Basic",
            "tags": {
              "Dept": "Engineering",
              "Environment": "Terraform GS"
            },
            "timeouts": null,
            "zones": []
          }
        }
      ]
    },
    {
      "mode": "managed",
      "type": "azurerm_network_interface",
      "name": "nic",
      "provider": "provider[\"registry.terraform.io/hashicorp/azurerm\"]",
      "instances": [
        {
          "schema_version": 0,
          "attributes": {
            "applied_dns_servers": [],
            "dns_servers": [],
            "enable_accelerated_networking": false,
            "enable_ip_forwarding": false,
            "id": "/subscriptions/6ac02562-9f5e-4022-8062-22570610e30e/resourceGroups/tfTFRG/providers/Microsoft.Network/networkInterfaces/tfNIC",
            "internal_dns_name_label": "",
            "internal_domain_name_suffix": "01cjphbymgvexlghensymdstfb.bx.internal.cloudapp.net",
            "ip_configuration": [
              {
                "name": "tfNICConfg",
                "primary": true,
                "private_ip_address": "10.0.1.4",
                "private_ip_address_allocation": "Dynamic",
                "private_ip_address_version": "IPv4",
                "public_ip_address_id": "/subscriptions/6ac02562-9f5e-4022-8062-22570610e30e/resourceGroups/tfTFRG/providers/Microsoft.Network/publicIPAddresses/tfTFPublicIP",
                "subnet_id": "/subscriptions/6ac02562-9f5e-4022-8062-22570610e30e/resourceGroups/tfTFRG/providers/Microsoft.Network/virtualNetworks/tfTFVnet/subnets/tfTFSubnet"
              }
            ],
            "location": "eastus",
            "mac_address": "",
            "name": "tfNIC",
            "private_ip_address": "10.0.1.4",
            "private_ip_addresses": [
              "10.0.1.4"
            ],
            "resource_group_name": "tfTFRG",
            "tags": {
              "Dept": "Engineering",
              "Environment": "Terraform GS"
            },
            "timeouts": null,
            "virtual_machine_id": ""
          },
          "private": "eyJlMmJmYjczMC1lY2FhLTExZTYtOGY4OC0zNDM2M2JjN2M0YzAiOnsiY3JlYXRlIjoxODAwMDAwMDAwMDAwLCJkZWxldGUiOjE4MDAwMDAwMDAwMDAsInJlYWQiOjMwMDAwMDAwMDAwMCwidXBkYXRlIjoxODAwMDAwMDAwMDAwfX0=",
          "dependencies": [
            "azurerm_public_ip.publicip",
            "azurerm_resource_group.rg",
            "azurerm_subnet.subnet",
            "azurerm_virtual_network.vnet"
          ]
        }
      ]
    },
    {
      "mode": "managed",
      "type": "azurerm_network_security_group",
      "name": "nsg",
      "provider": "provider[\"registry.terraform.io/hashicorp/azurerm\"]",
      "instances": [
        {
          "schema_version": 0,
          "attributes": {
            "id": "/subscriptions/6ac02562-9f5e-4022-8062-22570610e30e/resourceGroups/tfTFRG/providers/Microsoft.Network/networkSecurityGroups/tfTFNSG",
            "location": "eastus",
            "name": "tfTFNSG",
            "resource_group_name": "tfTFRG",
            "security_rule": [
              {
                "access": "Allow",
                "description": "",
                "destination_address_prefix": "*",
                "destination_address_prefixes": [],
                "destination_application_security_group_ids": [],
                "destination_port_range": "22",
                "destination_port_ranges": [],
                "direction": "Inbound",
                "name": "SSH",
                "priority": 1001,
                "protocol": "Tcp",
                "source_address_prefix": "*",
                "source_address_prefixes": [],
                "source_application_security_group_ids": [],
                "source_port_range": "*",
                "source_port_ranges": []
              }
            ],
            "tags": {
              "Dept": "Engineering",
              "Environment": "Terraform GS"
            },
            "timeouts": null
          },
          "private": "eyJlMmJmYjczMC1lY2FhLTExZTYtOGY4OC0zNDM2M2JjN2M0YzAiOnsiY3JlYXRlIjoxODAwMDAwMDAwMDAwLCJkZWxldGUiOjE4MDAwMDAwMDAwMDAsInJlYWQiOjMwMDAwMDAwMDAwMCwidXBkYXRlIjoxODAwMDAwMDAwMDAwfX0=",
          "dependencies": [
            "azurerm_resource_group.rg"
          ]
        }
      ]
    },
    {
      "mode": "managed",
      "type": "azurerm_public_ip",
      "name": "publicip",
      "provider": "provider[\"registry.terraform.io/hashicorp/azurerm\"]",
      "instances": [
        {
          "schema_version": 0,
          "attributes": {
            "allocation_method": "Dynamic",
            "domain_name_label": null,
            "fqdn": null,
            "id": "/subscriptions/6ac02562-9f5e-4022-8062-22570610e30e/resourceGroups/tfTFRG/providers/Microsoft.Network/publicIPAddresses/tfTFPublicIP",
            "idle_timeout_in_minutes": 4,
            "ip_address": "",
            "ip_version": "IPv4",
            "location": "eastus",
            "name": "tfTFPublicIP",
            "public_ip_prefix_id": null,
            "resource_group_name": "tfTFRG",
            "reverse_fqdn": null,
            "sku": "Basic",
            "tags": {
              "Dept": "Engineering",
              "Environment": "Terraform GS"
            },
            "timeouts": null,
            "zones": null
          },
          "private": "eyJlMmJmYjczMC1lY2FhLTExZTYtOGY4OC0zNDM2M2JjN2M0YzAiOnsiY3JlYXRlIjoxODAwMDAwMDAwMDAwLCJkZWxldGUiOjE4MDAwMDAwMDAwMDAsInJlYWQiOjMwMDAwMDAwMDAwMCwidXBkYXRlIjoxODAwMDAwMDAwMDAwfX0=",
          "dependencies": [
            "azurerm_resource_group.rg"
          ]
        }
      ]
    },
    {
      "mode": "managed",
      "type": "azurerm_resource_group",
      "name": "rg",
      "provider": "provider[\"registry.terraform.io/hashicorp/azurerm\"]",
      "instances": [
        {
          "schema_version": 0,
          "attributes": {
            "id": "/subscriptions/6ac02562-9f5e-4022-8062-22570610e30e/resourceGroups/tfTFRG",
            "location": "eastus",
            "name": "tfTFRG",
            "tags": {
              "Dept": "Engineering",
              "Environment": "Terraform GS"
            },
            "timeouts": null
          },
          "private": "eyJlMmJmYjczMC1lY2FhLTExZTYtOGY4OC0zNDM2M2JjN2M0YzAiOnsiY3JlYXRlIjo1NDAwMDAwMDAwMDAwLCJkZWxldGUiOjU0MDAwMDAwMDAwMDAsInJlYWQiOjMwMDAwMDAwMDAwMCwidXBkYXRlIjo1NDAwMDAwMDAwMDAwfX0="
        }
      ]
    },
    {
      "mode": "managed",
      "type": "azurerm_subnet",
      "name": "subnet",
      "provider": "provider[\"registry.terraform.io/hashicorp/azurerm\"]",
      "instances": [
        {
          "schema_version": 0,
          "attributes": {
            "address_prefix": "10.0.1.0/24",
            "address_prefixes": [
              "10.0.1.0/24"
            ],
            "delegation": [],
            "enforce_private_link_endpoint_network_policies": false,
            "enforce_private_link_service_network_policies": false,
            "id": "/subscriptions/6ac02562-9f5e-4022-8062-22570610e30e/resourceGroups/tfTFRG/providers/Microsoft.Network/virtualNetworks/tfTFVnet/subnets/tfTFSubnet",
            "name": "tfTFSubnet",
            "resource_group_name": "tfTFRG",
            "service_endpoints": null,
            "timeouts": null,
            "virtual_network_name": "tfTFVnet"
          },
          "private": "eyJlMmJmYjczMC1lY2FhLTExZTYtOGY4OC0zNDM2M2JjN2M0YzAiOnsiY3JlYXRlIjoxODAwMDAwMDAwMDAwLCJkZWxldGUiOjE4MDAwMDAwMDAwMDAsInJlYWQiOjMwMDAwMDAwMDAwMCwidXBkYXRlIjoxODAwMDAwMDAwMDAwfX0=",
          "dependencies": [
            "azurerm_resource_group.rg",
            "azurerm_virtual_network.vnet"
          ]
        }
      ]
    },
    {
      "mode": "managed",
      "type": "azurerm_virtual_machine",
      "name": "vm",
      "provider": "provider[\"registry.terraform.io/hashicorp/azurerm\"]",
      "instances": [
        {
          "schema_version": 0,
          "attributes": {
            "additional_capabilities": [],
            "availability_set_id": null,
            "boot_diagnostics": [],
            "delete_data_disks_on_termination": false,
            "delete_os_disk_on_termination": false,
            "id": "/subscriptions/6ac02562-9f5e-4022-8062-22570610e30e/resourceGroups/tfTFRG/providers/Microsoft.Compute/virtualMachines/tfTFVM",
            "identity": [],
            "license_type": null,
            "location": "eastus",
            "name": "tfTFVM",
            "network_interface_ids": [
              "/subscriptions/6ac02562-9f5e-4022-8062-22570610e30e/resourceGroups/tfTFRG/providers/Microsoft.Network/networkInterfaces/tfNIC"
            ],
            "os_profile": [
              {
                "admin_password": "",
                "admin_username": "localadmin",
                "computer_name": "tfTFVM",
                "custom_data": ""
              }
            ],
            "os_profile_linux_config": [
              {
                "disable_password_authentication": false,
                "ssh_keys": []
              }
            ],
            "os_profile_secrets": [],
            "os_profile_windows_config": [],
            "plan": [],
            "primary_network_interface_id": null,
            "proximity_placement_group_id": null,
            "resource_group_name": "tfTFRG",
            "storage_data_disk": [],
            "storage_image_reference": [
              {
                "id": "",
                "offer": "UbuntuServer",
                "publisher": "Canonical",
                "sku": "18.04-LTS",
                "version": "latest"
              }
            ],
            "storage_os_disk": [
              {
                "caching": "ReadWrite",
                "create_option": "FromImage",
                "disk_size_gb": 30,
                "image_uri": "",
                "managed_disk_id": "/subscriptions/6ac02562-9f5e-4022-8062-22570610e30e/resourceGroups/TFTFRG/providers/Microsoft.Compute/disks/tfOsDisk",
                "managed_disk_type": "Premium_LRS",
                "name": "tfOsDisk",
                "os_type": "Linux",
                "vhd_uri": "",
                "write_accelerator_enabled": false
              }
            ],
            "tags": {
              "Dept": "Engineering",
              "Environment": "Terraform GS"
            },
            "timeouts": null,
            "vm_size": "Standard_DS1_v2",
            "zones": null
          },
          "private": "eyJlMmJmYjczMC1lY2FhLTExZTYtOGY4OC0zNDM2M2JjN2M0YzAiOnsiY3JlYXRlIjozNjAwMDAwMDAwMDAwLCJkZWxldGUiOjM2MDAwMDAwMDAwMDAsInJlYWQiOjMwMDAwMDAwMDAwMCwidXBkYXRlIjozNjAwMDAwMDAwMDAwfX0=",
          "dependencies": [
            "azurerm_network_interface.nic",
            "azurerm_public_ip.publicip",
            "azurerm_resource_group.rg",
            "azurerm_subnet.subnet",
            "azurerm_virtual_network.vnet"
          ]
        }
      ]
    },
    {
      "mode": "managed",
      "type": "azurerm_virtual_network",
      "name": "vnet",
      "provider": "provider[\"registry.terraform.io/hashicorp/azurerm\"]",
      "instances": [
        {
          "schema_version": 0,
          "attributes": {
            "address_space": [
              "10.0.0.0/16"
            ],
            "ddos_protection_plan": [],
            "dns_servers": null,
            "guid": "9c97c4d6-6138-4baa-acc7-2365860e5329",
            "id": "/subscriptions/6ac02562-9f5e-4022-8062-22570610e30e/resourceGroups/tfTFRG/providers/Microsoft.Network/virtualNetworks/tfTFVnet",
            "location": "eastus",
            "name": "tfTFVnet",
            "resource_group_name": "tfTFRG",
            "subnet": [],
            "tags": {
              "Dept": "Engineering",
              "Environment": "Terraform GS"
            },
            "timeouts": null
          },
          "private": "eyJlMmJmYjczMC1lY2FhLTExZTYtOGY4OC0zNDM2M2JjN2M0YzAiOnsiY3JlYXRlIjoxODAwMDAwMDAwMDAwLCJkZWxldGUiOjE4MDAwMDAwMDAwMDAsInJlYWQiOjMwMDAwMDAwMDAwMCwidXBkYXRlIjoxODAwMDAwMDAwMDAwfX0=",
          "dependencies": [
            "azurerm_resource_group.rg"
          ]
        }
      ]
    }
  ]
}
